
Microsoft Visual Studio Solution File, Format Version 12.00
# Visual Studio Version 17
VisualStudioVersion = 17.7.34031.279
MinimumVisualStudioVersion = 10.0.40219.1
Project("{2150E333-8FDC-42A3-9474-1A3956D46DE8}") = "Ch04", "Ch04", "{D4165C8A-6837-4F8A-9719-0EC5F967CEAD}"
EndProject
Project("{9A19103F-16F7-4668-BE54-9A1E7A4F7556}") = "Ex_0412", "Ch04\Ex_0412\Ex_0412.csproj", "{FDEA0EC0-2487-4C39-B17C-13325CE285F6}"
EndProject
Project("{9A19103F-16F7-4668-BE54-9A1E7A4F7556}") = "Ex_0415", "Ch04\Ex_0415\Ex_0415.csproj", "{6429CD93-93DA-417D-9AB6-E5CC3B33AF0D}"
EndProject
Project("{2150E333-8FDC-42A3-9474-1A3956D46DE8}") = "Ch07", "Ch07", "{619B9EC5-2DFE-4592-BCFE-AB09E359D973}"
EndProject
Project("{9A19103F-16F7-4668-BE54-9A1E7A4F7556}") = "Ex_0703", "Ch07\Ex_0703\Ex_0703.csproj", "{3A47A2B3-4894-4158-9B75-8DE443617BCF}"
EndProject
Project("{9A19103F-16F7-4668-BE54-9A1E7A4F7556}") = "Ex_0706", "Ch07\Ex_0706\Ex_0706.csproj", "{8AD5504F-7A89-4BBD-B1F8-E1D373613635}"
EndProject
Project("{9A19103F-16F7-4668-BE54-9A1E7A4F7556}") = "Ex_0736", "Ch07\Ex_0736\Ex_0736.csproj", "{931E1D31-5D57-4A95-A38E-D132A48CEA06}"
EndProject
Project("{2150E333-8FDC-42A3-9474-1A3956D46DE8}") = "Ch09", "Ch09", "{B0BF84DF-A738-4729-9917-D1C4E8A1E4EA}"
EndProject
Project("{9A19103F-16F7-4668-BE54-9A1E7A4F7556}") = "Ex_0903", "Ch09\Ex_0903\Ex_0903.csproj", "{17936985-CDDA-41A7-97E4-FFDEEDB4417B}"
EndProject
Project("{2150E333-8FDC-42A3-9474-1A3956D46DE8}") = "Ch10", "Ch10", "{B370B7A6-78A0-495E-AF65-0E9B62CB2DF1}"
EndProject
Project("{9A19103F-16F7-4668-BE54-9A1E7A4F7556}") = "Ex_1006", "Ch10\Ex_1006\Ex_1006.csproj", "{3B25CED7-0F1D-439A-9037-1E9DFC1DA15C}"
EndProject
Project("{2150E333-8FDC-42A3-9474-1A3956D46DE8}") = "Ch11", "Ch11", "{B4FAEA8D-754D-488D-A6C1-74D8ECCEA232}"
EndProject
Project("{9A19103F-16F7-4668-BE54-9A1E7A4F7556}") = "Ex_1109", "Ch11\Ex_1109\Ex_1109.csproj", "{01B88FA3-C53A-411C-9C73-3C566F4FFD14}"
EndProject
Project("{2150E333-8FDC-42A3-9474-1A3956D46DE8}") = "Ch12", "Ch12", "{3F4F1E95-A4D6-47DA-BE5E-DD2B7E6083D2}"
EndProject
Project("{9A19103F-16F7-4668-BE54-9A1E7A4F7556}") = "Ex_1212", "Ch12\Ex_1212\Ex_1212.csproj", "{42FADD1E-C4ED-4D63-BA71-BF6620276421}"
EndProject
Project("{9A19103F-16F7-4668-BE54-9A1E7A4F7556}") = "Ex_1213", "Ch12\Ex_1213\Ex_1213.csproj", "{D8C08C60-A487-4AC6-9D07-89DF7AAC2FB8}"
EndProject
Project("{2150E333-8FDC-42A3-9474-1A3956D46DE8}") = "Ch13", "Ch13", "{6D147ADC-D0C6-4B65-9AE1-F3AEC79E0A9C}"
EndProject
Project("{9A19103F-16F7-4668-BE54-9A1E7A4F7556}") = "Ex_1303", "Ch13\Ex_1303\Ex_1303.csproj", "{0EA2BAE3-5DDF-4758-8D72-27E267E36C33}"
EndProject
Project("{9A19103F-16F7-4668-BE54-9A1E7A4F7556}") = "Ex_1305", "Ch13\Ex_1305\Ex_1305.csproj", "{775836E3-B2A6-40C4-89A1-10741AC53DC1}"
EndProject
Project("{9A19103F-16F7-4668-BE54-9A1E7A4F7556}") = "Ex_1307", "Ch13\Ex_1307\Ex_1307.csproj", "{70946CCC-D492-443A-A49E-11EA95304D54}"
EndProject
Project("{9A19103F-16F7-4668-BE54-9A1E7A4F7556}") = "Ex_1306", "Ch13\Ex_1306\Ex_1306.csproj", "{203189D0-46E9-4141-9338-063E3A830B82}"
EndProject
Project("{9A19103F-16F7-4668-BE54-9A1E7A4F7556}") = "Ex_1311", "Ch13\Ex_1311\Ex_1311.csproj", "{B90C2A53-FC71-4136-9B1C-4C49E67B0DA0}"
EndProject
Project("{2150E333-8FDC-42A3-9474-1A3956D46DE8}") = "Ch16", "Ch16", "{F6B8BDFF-2127-4BFE-9BE2-93B270D327AF}"
EndProject
Project("{9A19103F-16F7-4668-BE54-9A1E7A4F7556}") = "Ex_1605", "Ch16\Ex_1605\Ex_1605.csproj", "{5A1C26FF-4D97-433D-BE64-D174BDA3B9CB}"
EndProject
Project("{2150E333-8FDC-42A3-9474-1A3956D46DE8}") = "Ch18", "Ch18", "{51ACE717-C5D9-4D1F-9053-4E8223B93D83}"
EndProject
Project("{9A19103F-16F7-4668-BE54-9A1E7A4F7556}") = "Ex_1805", "Ch18\Ex_1805\Ex_1805.csproj", "{6EF568AD-0C28-4B51-9B7A-C8C0618B0EB0}"
EndProject
Project("{9A19103F-16F7-4668-BE54-9A1E7A4F7556}") = "Ex_1806", "Ch18\Ex_1806\Ex_1806.csproj", "{3079D6C2-3406-40FC-8777-C7840B53C231}"
EndProject
Project("{9A19103F-16F7-4668-BE54-9A1E7A4F7556}") = "Ex_1807", "Ch18\Ex_1807\Ex_1807.csproj", "{286AFA75-8B83-4CE0-A52D-DA9BA55E20FF}"
EndProject
Project("{9A19103F-16F7-4668-BE54-9A1E7A4F7556}") = "Ex_1808", "Ch18\Ex_1808\Ex_1808.csproj", "{E8266B93-163D-4D5E-B99D-3EE841225D35}"
EndProject
Project("{9A19103F-16F7-4668-BE54-9A1E7A4F7556}") = "Ex_1809", "Ch18\Ex_1809\Ex_1809.csproj", "{254F9926-5463-42C7-8DC9-FDB482B490E7}"
EndProject
Project("{9A19103F-16F7-4668-BE54-9A1E7A4F7556}") = "Ex_1810", "Ch18\Ex_1810\Ex_1810.csproj", "{C6747108-8D96-434C-8329-81DDC417EB64}"
EndProject
Project("{2150E333-8FDC-42A3-9474-1A3956D46DE8}") = "Ch19", "Ch19", "{505D4603-8F27-4DFA-9959-AA15AE7677AC}"
EndProject
Project("{9A19103F-16F7-4668-BE54-9A1E7A4F7556}") = "Ex_1903", "Ch19\Ex_1903\Ex_1903.csproj", "{790FC526-EECF-4B19-B240-236B25A6C3C4}"
EndProject
Project("{9A19103F-16F7-4668-BE54-9A1E7A4F7556}") = "Ex_1904", "Ch19\Ex_1904\Ex_1904.csproj", "{56FEFA6D-7B6C-426A-971D-C75003440A3F}"
EndProject
Project("{9A19103F-16F7-4668-BE54-9A1E7A4F7556}") = "Ex_1908", "Ch19\Ex_1908\Ex_1908.csproj", "{C4F3F89E-A091-4E0D-A8DD-DF1DC037796D}"
EndProject
Project("{2150E333-8FDC-42A3-9474-1A3956D46DE8}") = "Ch20", "Ch20", "{C956108E-D4D5-4121-96D0-F4DBC390C992}"
EndProject
Project("{9A19103F-16F7-4668-BE54-9A1E7A4F7556}") = "Ex_2007", "Ch20\Ex_2007\Ex_2007.csproj", "{73A63893-849B-47C4-B376-4FD29A67EE00}"
EndProject
Project("{9A19103F-16F7-4668-BE54-9A1E7A4F7556}") = "Ex_2012", "Ch20\Ex_2012\Ex_2012.csproj", "{78BE39F2-843A-4925-BCCB-3AAEA66E1146}"
EndProject
Project("{2150E333-8FDC-42A3-9474-1A3956D46DE8}") = "Ch21", "Ch21", "{7F7E73FC-0225-4CE2-BCA1-348FA40D0512}"
EndProject
Project("{FAE04EC0-301F-11D3-BF4B-00C04F79EFBC}") = "Ex_2119", "Ch21\Ex_2119\Ex_2119.csproj", "{D1E4228B-0BC8-42CE-B7AC-20A99F576358}"
EndProject
Global
	GlobalSection(SolutionConfigurationPlatforms) = preSolution
		Debug|Any CPU = Debug|Any CPU
		Release|Any CPU = Release|Any CPU
	EndGlobalSection
	GlobalSection(ProjectConfigurationPlatforms) = postSolution
		{FDEA0EC0-2487-4C39-B17C-13325CE285F6}.Debug|Any CPU.ActiveCfg = Debug|Any CPU
		{FDEA0EC0-2487-4C39-B17C-13325CE285F6}.Debug|Any CPU.Build.0 = Debug|Any CPU
		{FDEA0EC0-2487-4C39-B17C-13325CE285F6}.Release|Any CPU.ActiveCfg = Release|Any CPU
		{FDEA0EC0-2487-4C39-B17C-13325CE285F6}.Release|Any CPU.Build.0 = Release|Any CPU
		{6429CD93-93DA-417D-9AB6-E5CC3B33AF0D}.Debug|Any CPU.ActiveCfg = Debug|Any CPU
		{6429CD93-93DA-417D-9AB6-E5CC3B33AF0D}.Debug|Any CPU.Build.0 = Debug|Any CPU
		{6429CD93-93DA-417D-9AB6-E5CC3B33AF0D}.Release|Any CPU.ActiveCfg = Release|Any CPU
		{6429CD93-93DA-417D-9AB6-E5CC3B33AF0D}.Release|Any CPU.Build.0 = Release|Any CPU
		{3A47A2B3-4894-4158-9B75-8DE443617BCF}.Debug|Any CPU.ActiveCfg = Debug|Any CPU
		{3A47A2B3-4894-4158-9B75-8DE443617BCF}.Debug|Any CPU.Build.0 = Debug|Any CPU
		{3A47A2B3-4894-4158-9B75-8DE443617BCF}.Release|Any CPU.ActiveCfg = Release|Any CPU
		{3A47A2B3-4894-4158-9B75-8DE443617BCF}.Release|Any CPU.Build.0 = Release|Any CPU
		{8AD5504F-7A89-4BBD-B1F8-E1D373613635}.Debug|Any CPU.ActiveCfg = Debug|Any CPU
		{8AD5504F-7A89-4BBD-B1F8-E1D373613635}.Debug|Any CPU.Build.0 = Debug|Any CPU
		{8AD5504F-7A89-4BBD-B1F8-E1D373613635}.Release|Any CPU.ActiveCfg = Release|Any CPU
		{8AD5504F-7A89-4BBD-B1F8-E1D373613635}.Release|Any CPU.Build.0 = Release|Any CPU
		{931E1D31-5D57-4A95-A38E-D132A48CEA06}.Debug|Any CPU.ActiveCfg = Debug|Any CPU
		{931E1D31-5D57-4A95-A38E-D132A48CEA06}.Debug|Any CPU.Build.0 = Debug|Any CPU
		{931E1D31-5D57-4A95-A38E-D132A48CEA06}.Release|Any CPU.ActiveCfg = Release|Any CPU
		{931E1D31-5D57-4A95-A38E-D132A48CEA06}.Release|Any CPU.Build.0 = Release|Any CPU
		{17936985-CDDA-41A7-97E4-FFDEEDB4417B}.Debug|Any CPU.ActiveCfg = Debug|Any CPU
		{17936985-CDDA-41A7-97E4-FFDEEDB4417B}.Debug|Any CPU.Build.0 = Debug|Any CPU
		{17936985-CDDA-41A7-97E4-FFDEEDB4417B}.Release|Any CPU.ActiveCfg = Release|Any CPU
		{17936985-CDDA-41A7-97E4-FFDEEDB4417B}.Release|Any CPU.Build.0 = Release|Any CPU
		{3B25CED7-0F1D-439A-9037-1E9DFC1DA15C}.Debug|Any CPU.ActiveCfg = Debug|Any CPU
		{3B25CED7-0F1D-439A-9037-1E9DFC1DA15C}.Debug|Any CPU.Build.0 = Debug|Any CPU
		{3B25CED7-0F1D-439A-9037-1E9DFC1DA15C}.Release|Any CPU.ActiveCfg = Release|Any CPU
		{3B25CED7-0F1D-439A-9037-1E9DFC1DA15C}.Release|Any CPU.Build.0 = Release|Any CPU
		{01B88FA3-C53A-411C-9C73-3C566F4FFD14}.Debug|Any CPU.ActiveCfg = Debug|Any CPU
		{01B88FA3-C53A-411C-9C73-3C566F4FFD14}.Debug|Any CPU.Build.0 = Debug|Any CPU
		{01B88FA3-C53A-411C-9C73-3C566F4FFD14}.Release|Any CPU.ActiveCfg = Release|Any CPU
		{01B88FA3-C53A-411C-9C73-3C566F4FFD14}.Release|Any CPU.Build.0 = Release|Any CPU
		{42FADD1E-C4ED-4D63-BA71-BF6620276421}.Debug|Any CPU.ActiveCfg = Debug|Any CPU
		{42FADD1E-C4ED-4D63-BA71-BF6620276421}.Debug|Any CPU.Build.0 = Debug|Any CPU
		{42FADD1E-C4ED-4D63-BA71-BF6620276421}.Release|Any CPU.ActiveCfg = Release|Any CPU
		{42FADD1E-C4ED-4D63-BA71-BF6620276421}.Release|Any CPU.Build.0 = Release|Any CPU
		{D8C08C60-A487-4AC6-9D07-89DF7AAC2FB8}.Debug|Any CPU.ActiveCfg = Debug|Any CPU
		{D8C08C60-A487-4AC6-9D07-89DF7AAC2FB8}.Debug|Any CPU.Build.0 = Debug|Any CPU
		{D8C08C60-A487-4AC6-9D07-89DF7AAC2FB8}.Release|Any CPU.ActiveCfg = Release|Any CPU
		{D8C08C60-A487-4AC6-9D07-89DF7AAC2FB8}.Release|Any CPU.Build.0 = Release|Any CPU
		{0EA2BAE3-5DDF-4758-8D72-27E267E36C33}.Debug|Any CPU.ActiveCfg = Debug|Any CPU
		{0EA2BAE3-5DDF-4758-8D72-27E267E36C33}.Debug|Any CPU.Build.0 = Debug|Any CPU
		{0EA2BAE3-5DDF-4758-8D72-27E267E36C33}.Release|Any CPU.ActiveCfg = Release|Any CPU
		{0EA2BAE3-5DDF-4758-8D72-27E267E36C33}.Release|Any CPU.Build.0 = Release|Any CPU
		{775836E3-B2A6-40C4-89A1-10741AC53DC1}.Debug|Any CPU.ActiveCfg = Debug|Any CPU
		{775836E3-B2A6-40C4-89A1-10741AC53DC1}.Debug|Any CPU.Build.0 = Debug|Any CPU
		{775836E3-B2A6-40C4-89A1-10741AC53DC1}.Release|Any CPU.ActiveCfg = Release|Any CPU
		{775836E3-B2A6-40C4-89A1-10741AC53DC1}.Release|Any CPU.Build.0 = Release|Any CPU
		{70946CCC-D492-443A-A49E-11EA95304D54}.Debug|Any CPU.ActiveCfg = Debug|Any CPU
		{70946CCC-D492-443A-A49E-11EA95304D54}.Debug|Any CPU.Build.0 = Debug|Any CPU
		{70946CCC-D492-443A-A49E-11EA95304D54}.Release|Any CPU.ActiveCfg = Release|Any CPU
		{70946CCC-D492-443A-A49E-11EA95304D54}.Release|Any CPU.Build.0 = Release|Any CPU
		{203189D0-46E9-4141-9338-063E3A830B82}.Debug|Any CPU.ActiveCfg = Debug|Any CPU
		{203189D0-46E9-4141-9338-063E3A830B82}.Debug|Any CPU.Build.0 = Debug|Any CPU
		{203189D0-46E9-4141-9338-063E3A830B82}.Release|Any CPU.ActiveCfg = Release|Any CPU
		{203189D0-46E9-4141-9338-063E3A830B82}.Release|Any CPU.Build.0 = Release|Any CPU
		{B90C2A53-FC71-4136-9B1C-4C49E67B0DA0}.Debug|Any CPU.ActiveCfg = Debug|Any CPU
		{B90C2A53-FC71-4136-9B1C-4C49E67B0DA0}.Debug|Any CPU.Build.0 = Debug|Any CPU
		{B90C2A53-FC71-4136-9B1C-4C49E67B0DA0}.Release|Any CPU.ActiveCfg = Release|Any CPU
		{B90C2A53-FC71-4136-9B1C-4C49E67B0DA0}.Release|Any CPU.Build.0 = Release|Any CPU
		{5A1C26FF-4D97-433D-BE64-D174BDA3B9CB}.Debug|Any CPU.ActiveCfg = Debug|Any CPU
		{5A1C26FF-4D97-433D-BE64-D174BDA3B9CB}.Debug|Any CPU.Build.0 = Debug|Any CPU
		{5A1C26FF-4D97-433D-BE64-D174BDA3B9CB}.Release|Any CPU.ActiveCfg = Release|Any CPU
		{5A1C26FF-4D97-433D-BE64-D174BDA3B9CB}.Release|Any CPU.Build.0 = Release|Any CPU
		{6EF568AD-0C28-4B51-9B7A-C8C0618B0EB0}.Debug|Any CPU.ActiveCfg = Debug|Any CPU
		{6EF568AD-0C28-4B51-9B7A-C8C0618B0EB0}.Debug|Any CPU.Build.0 = Debug|Any CPU
		{6EF568AD-0C28-4B51-9B7A-C8C0618B0EB0}.Release|Any CPU.ActiveCfg = Release|Any CPU
		{6EF568AD-0C28-4B51-9B7A-C8C0618B0EB0}.Release|Any CPU.Build.0 = Release|Any CPU
		{3079D6C2-3406-40FC-8777-C7840B53C231}.Debug|Any CPU.ActiveCfg = Debug|Any CPU
		{3079D6C2-3406-40FC-8777-C7840B53C231}.Debug|Any CPU.Build.0 = Debug|Any CPU
		{3079D6C2-3406-40FC-8777-C7840B53C231}.Release|Any CPU.ActiveCfg = Release|Any CPU
		{3079D6C2-3406-40FC-8777-C7840B53C231}.Release|Any CPU.Build.0 = Release|Any CPU
		{286AFA75-8B83-4CE0-A52D-DA9BA55E20FF}.Debug|Any CPU.ActiveCfg = Debug|Any CPU
		{286AFA75-8B83-4CE0-A52D-DA9BA55E20FF}.Debug|Any CPU.Build.0 = Debug|Any CPU
		{286AFA75-8B83-4CE0-A52D-DA9BA55E20FF}.Release|Any CPU.ActiveCfg = Release|Any CPU
		{286AFA75-8B83-4CE0-A52D-DA9BA55E20FF}.Release|Any CPU.Build.0 = Release|Any CPU
		{E8266B93-163D-4D5E-B99D-3EE841225D35}.Debug|Any CPU.ActiveCfg = Debug|Any CPU
		{E8266B93-163D-4D5E-B99D-3EE841225D35}.Debug|Any CPU.Build.0 = Debug|Any CPU
		{E8266B93-163D-4D5E-B99D-3EE841225D35}.Release|Any CPU.ActiveCfg = Release|Any CPU
		{E8266B93-163D-4D5E-B99D-3EE841225D35}.Release|Any CPU.Build.0 = Release|Any CPU
		{254F9926-5463-42C7-8DC9-FDB482B490E7}.Debug|Any CPU.ActiveCfg = Debug|Any CPU
		{254F9926-5463-42C7-8DC9-FDB482B490E7}.Debug|Any CPU.Build.0 = Debug|Any CPU
		{254F9926-5463-42C7-8DC9-FDB482B490E7}.Release|Any CPU.ActiveCfg = Release|Any CPU
		{254F9926-5463-42C7-8DC9-FDB482B490E7}.Release|Any CPU.Build.0 = Release|Any CPU
		{C6747108-8D96-434C-8329-81DDC417EB64}.Debug|Any CPU.ActiveCfg = Debug|Any CPU
		{C6747108-8D96-434C-8329-81DDC417EB64}.Debug|Any CPU.Build.0 = Debug|Any CPU
		{C6747108-8D96-434C-8329-81DDC417EB64}.Release|Any CPU.ActiveCfg = Release|Any CPU
		{C6747108-8D96-434C-8329-81DDC417EB64}.Release|Any CPU.Build.0 = Release|Any CPU
		{790FC526-EECF-4B19-B240-236B25A6C3C4}.Debug|Any CPU.ActiveCfg = Debug|Any CPU
		{790FC526-EECF-4B19-B240-236B25A6C3C4}.Debug|Any CPU.Build.0 = Debug|Any CPU
		{790FC526-EECF-4B19-B240-236B25A6C3C4}.Release|Any CPU.ActiveCfg = Release|Any CPU
		{790FC526-EECF-4B19-B240-236B25A6C3C4}.Release|Any CPU.Build.0 = Release|Any CPU
		{56FEFA6D-7B6C-426A-971D-C75003440A3F}.Debug|Any CPU.ActiveCfg = Debug|Any CPU
		{56FEFA6D-7B6C-426A-971D-C75003440A3F}.Debug|Any CPU.Build.0 = Debug|Any CPU
		{56FEFA6D-7B6C-426A-971D-C75003440A3F}.Release|Any CPU.ActiveCfg = Release|Any CPU
		{56FEFA6D-7B6C-426A-971D-C75003440A3F}.Release|Any CPU.Build.0 = Release|Any CPU
		{C4F3F89E-A091-4E0D-A8DD-DF1DC037796D}.Debug|Any CPU.ActiveCfg = Debug|Any CPU
		{C4F3F89E-A091-4E0D-A8DD-DF1DC037796D}.Debug|Any CPU.Build.0 = Debug|Any CPU
		{C4F3F89E-A091-4E0D-A8DD-DF1DC037796D}.Release|Any CPU.ActiveCfg = Release|Any CPU
		{C4F3F89E-A091-4E0D-A8DD-DF1DC037796D}.Release|Any CPU.Build.0 = Release|Any CPU
		{73A63893-849B-47C4-B376-4FD29A67EE00}.Debug|Any CPU.ActiveCfg = Debug|Any CPU
		{73A63893-849B-47C4-B376-4FD29A67EE00}.Debug|Any CPU.Build.0 = Debug|Any CPU
		{73A63893-849B-47C4-B376-4FD29A67EE00}.Release|Any CPU.ActiveCfg = Release|Any CPU
		{73A63893-849B-47C4-B376-4FD29A67EE00}.Release|Any CPU.Build.0 = Release|Any CPU
		{78BE39F2-843A-4925-BCCB-3AAEA66E1146}.Debug|Any CPU.ActiveCfg = Debug|Any CPU
		{78BE39F2-843A-4925-BCCB-3AAEA66E1146}.Debug|Any CPU.Build.0 = Debug|Any CPU
		{78BE39F2-843A-4925-BCCB-3AAEA66E1146}.Release|Any CPU.ActiveCfg = Release|Any CPU
		{78BE39F2-843A-4925-BCCB-3AAEA66E1146}.Release|Any CPU.Build.0 = Release|Any CPU
		{D1E4228B-0BC8-42CE-B7AC-20A99F576358}.Debug|Any CPU.ActiveCfg = Debug|Any CPU
		{D1E4228B-0BC8-42CE-B7AC-20A99F576358}.Debug|Any CPU.Build.0 = Debug|Any CPU
		{D1E4228B-0BC8-42CE-B7AC-20A99F576358}.Release|Any CPU.ActiveCfg = Release|Any CPU
		{D1E4228B-0BC8-42CE-B7AC-20A99F576358}.Release|Any CPU.Build.0 = Release|Any CPU
	EndGlobalSection
	GlobalSection(SolutionProperties) = preSolution
		HideSolutionNode = FALSE
	EndGlobalSection
	GlobalSection(NestedProjects) = preSolution
		{FDEA0EC0-2487-4C39-B17C-13325CE285F6} = {D4165C8A-6837-4F8A-9719-0EC5F967CEAD}
		{6429CD93-93DA-417D-9AB6-E5CC3B33AF0D} = {D4165C8A-6837-4F8A-9719-0EC5F967CEAD}
		{3A47A2B3-4894-4158-9B75-8DE443617BCF} = {619B9EC5-2DFE-4592-BCFE-AB09E359D973}
		{8AD5504F-7A89-4BBD-B1F8-E1D373613635} = {619B9EC5-2DFE-4592-BCFE-AB09E359D973}
		{931E1D31-5D57-4A95-A38E-D132A48CEA06} = {619B9EC5-2DFE-4592-BCFE-AB09E359D973}
		{17936985-CDDA-41A7-97E4-FFDEEDB4417B} = {B0BF84DF-A738-4729-9917-D1C4E8A1E4EA}
		{3B25CED7-0F1D-439A-9037-1E9DFC1DA15C} = {B370B7A6-78A0-495E-AF65-0E9B62CB2DF1}
		{01B88FA3-C53A-411C-9C73-3C566F4FFD14} = {B4FAEA8D-754D-488D-A6C1-74D8ECCEA232}
		{42FADD1E-C4ED-4D63-BA71-BF6620276421} = {3F4F1E95-A4D6-47DA-BE5E-DD2B7E6083D2}
		{D8C08C60-A487-4AC6-9D07-89DF7AAC2FB8} = {3F4F1E95-A4D6-47DA-BE5E-DD2B7E6083D2}
		{0EA2BAE3-5DDF-4758-8D72-27E267E36C33} = {6D147ADC-D0C6-4B65-9AE1-F3AEC79E0A9C}
		{775836E3-B2A6-40C4-89A1-10741AC53DC1} = {6D147ADC-D0C6-4B65-9AE1-F3AEC79E0A9C}
		{70946CCC-D492-443A-A49E-11EA95304D54} = {6D147ADC-D0C6-4B65-9AE1-F3AEC79E0A9C}
		{203189D0-46E9-4141-9338-063E3A830B82} = {6D147ADC-D0C6-4B65-9AE1-F3AEC79E0A9C}
		{B90C2A53-FC71-4136-9B1C-4C49E67B0DA0} = {6D147ADC-D0C6-4B65-9AE1-F3AEC79E0A9C}
		{5A1C26FF-4D97-433D-BE64-D174BDA3B9CB} = {F6B8BDFF-2127-4BFE-9BE2-93B270D327AF}
		{6EF568AD-0C28-4B51-9B7A-C8C0618B0EB0} = {51ACE717-C5D9-4D1F-9053-4E8223B93D83}
		{3079D6C2-3406-40FC-8777-C7840B53C231} = {51ACE717-C5D9-4D1F-9053-4E8223B93D83}
		{286AFA75-8B83-4CE0-A52D-DA9BA55E20FF} = {51ACE717-C5D9-4D1F-9053-4E8223B93D83}
		{E8266B93-163D-4D5E-B99D-3EE841225D35} = {51ACE717-C5D9-4D1F-9053-4E8223B93D83}
		{254F9926-5463-42C7-8DC9-FDB482B490E7} = {51ACE717-C5D9-4D1F-9053-4E8223B93D83}
		{C6747108-8D96-434C-8329-81DDC417EB64} = {51ACE717-C5D9-4D1F-9053-4E8223B93D83}
		{790FC526-EECF-4B19-B240-236B25A6C3C4} = {505D4603-8F27-4DFA-9959-AA15AE7677AC}
		{56FEFA6D-7B6C-426A-971D-C75003440A3F} = {505D4603-8F27-4DFA-9959-AA15AE7677AC}
		{C4F3F89E-A091-4E0D-A8DD-DF1DC037796D} = {505D4603-8F27-4DFA-9959-AA15AE7677AC}
		{73A63893-849B-47C4-B376-4FD29A67EE00} = {C956108E-D4D5-4121-96D0-F4DBC390C992}
		{78BE39F2-843A-4925-BCCB-3AAEA66E1146} = {C956108E-D4D5-4121-96D0-F4DBC390C992}
		{D1E4228B-0BC8-42CE-B7AC-20A99F576358} = {7F7E73FC-0225-4CE2-BCA1-348FA40D0512}
	EndGlobalSection
	GlobalSection(ExtensibilityGlobals) = postSolution
		SolutionGuid = {D6CE4CB4-85BB-4E05-BE9D-6BB65FB3C4F6}
	EndGlobalSection
EndGlobal
